
Microsoft Visual Studio Solution File, Format Version 12.00
Project("{FAE04EC0-301F-11D3-BF4B-00C04F79EFBC}") = "CloudGaming", "CloudGaming\CloudGaming.csproj", "{C7ABD46D-FBFE-451C-B215-6CCCE61E1851}"
EndProject
Global
	GlobalSection(SolutionConfigurationPlatforms) = preSolution
		Debug|Any CPU = Debug|Any CPU
		Release|Any CPU = Release|Any CPU
	EndGlobalSection
	GlobalSection(ProjectConfigurationPlatforms) = postSolution
		{C7ABD46D-FBFE-451C-B215-6CCCE61E1851}.Debug|Any CPU.ActiveCfg = Debug|Any CPU
		{C7ABD46D-FBFE-451C-B215-6CCCE61E1851}.Debug|Any CPU.Build.0 = Debug|Any CPU
		{C7ABD46D-FBFE-451C-B215-6CCCE61E1851}.Release|Any CPU.ActiveCfg = Release|Any CPU
		{C7ABD46D-FBFE-451C-B215-6CCCE61E1851}.Release|Any CPU.Build.0 = Release|Any CPU
	EndGlobalSection
EndGlobal
